
Microsoft Visual Studio Solution File, Format Version 12.00
# Visual Studio Version 17
VisualStudioVersion = 17.14.36811.4 d17.14
MinimumVisualStudioVersion = 10.0.40219.1
Project("{FAE04EC0-301F-11D3-BF4B-00C04F79EFBC}") = "AzureAuth_Api", "AzureAuth_Api.csproj", "{4C31AF01-6060-4523-A3ED-F1D77F1B07F6}"
EndProject
Project("{FAE04EC0-301F-11D3-BF4B-00C04F79EFBC}") = "AzureAuth.Infrastructure", "..\AzureAuth.Infrastructure\AzureAuth.Infrastructure.csproj", "{48834A02-14BA-4A42-994F-1B52BE2C3A46}"
EndProject
Project("{FAE04EC0-301F-11D3-BF4B-00C04F79EFBC}") = "AzureAuth.Core", "..\AzureAuth.Core\AzureAuth.Core.csproj", "{E58F446B-CFB8-437E-A240-4508AFB4ECA7}"
EndProject
Global
	GlobalSection(SolutionConfigurationPlatforms) = preSolution
		Debug|Any CPU = Debug|Any CPU
		Release|Any CPU = Release|Any CPU
	EndGlobalSection
	GlobalSection(ProjectConfigurationPlatforms) = postSolution
		{4C31AF01-6060-4523-A3ED-F1D77F1B07F6}.Debug|Any CPU.ActiveCfg = Debug|Any CPU
		{4C31AF01-6060-4523-A3ED-F1D77F1B07F6}.Debug|Any CPU.Build.0 = Debug|Any CPU
		{4C31AF01-6060-4523-A3ED-F1D77F1B07F6}.Release|Any CPU.ActiveCfg = Release|Any CPU
		{4C31AF01-6060-4523-A3ED-F1D77F1B07F6}.Release|Any CPU.Build.0 = Release|Any CPU
		{48834A02-14BA-4A42-994F-1B52BE2C3A46}.Debug|Any CPU.ActiveCfg = Debug|Any CPU
		{48834A02-14BA-4A42-994F-1B52BE2C3A46}.Debug|Any CPU.Build.0 = Debug|Any CPU
		{48834A02-14BA-4A42-994F-1B52BE2C3A46}.Release|Any CPU.ActiveCfg = Release|Any CPU
		{48834A02-14BA-4A42-994F-1B52BE2C3A46}.Release|Any CPU.Build.0 = Release|Any CPU
		{E58F446B-CFB8-437E-A240-4508AFB4ECA7}.Debug|Any CPU.ActiveCfg = Debug|Any CPU
		{E58F446B-CFB8-437E-A240-4508AFB4ECA7}.Debug|Any CPU.Build.0 = Debug|Any CPU
		{E58F446B-CFB8-437E-A240-4508AFB4ECA7}.Release|Any CPU.ActiveCfg = Release|Any CPU
		{E58F446B-CFB8-437E-A240-4508AFB4ECA7}.Release|Any CPU.Build.0 = Release|Any CPU
	EndGlobalSection
	GlobalSection(SolutionProperties) = preSolution
		HideSolutionNode = FALSE
	EndGlobalSection
	GlobalSection(ExtensibilityGlobals) = postSolution
		SolutionGuid = {1DB4376D-D722-4390-9307-5B990CB08CFC}
	EndGlobalSection
EndGlobal
