
Microsoft Visual Studio Solution File, Format Version 12.00
# Visual Studio Version 17
VisualStudioVersion = 17.14.36811.4 d17.14
MinimumVisualStudioVersion = 10.0.40219.1
Project("{FAE04EC0-301F-11D3-BF4B-00C04F79EFBC}") = "AzureApi", "AzureApi\AzureApi.csproj", "{FFED14F5-1E81-4AF8-97AC-B3A556170ED6}"
EndProject
Project("{FAE04EC0-301F-11D3-BF4B-00C04F79EFBC}") = "AzureApplication.Core", "AzureApplication.Core\AzureApplication.Core.csproj", "{9F33092E-7F24-4FF1-9254-DA9B94F68EAA}"
EndProject
Project("{FAE04EC0-301F-11D3-BF4B-00C04F79EFBC}") = "AzureApplication.Infrastructure", "AzureApplication.Infrastructure\AzureApplication.Infrastructure.csproj", "{D6C24E0C-F772-4636-ADFA-00E6FA8B03FD}"
EndProject
Project("{FAE04EC0-301F-11D3-BF4B-00C04F79EFBC}") = "AzureApplication.Data", "AzureApplication.Data\AzureApplication.Data.csproj", "{67133303-7FD6-4103-A1B0-87C1A37AFD1E}"
EndProject
Global
	GlobalSection(SolutionConfigurationPlatforms) = preSolution
		Debug|Any CPU = Debug|Any CPU
		Release|Any CPU = Release|Any CPU
	EndGlobalSection
	GlobalSection(ProjectConfigurationPlatforms) = postSolution
		{FFED14F5-1E81-4AF8-97AC-B3A556170ED6}.Debug|Any CPU.ActiveCfg = Debug|Any CPU
		{FFED14F5-1E81-4AF8-97AC-B3A556170ED6}.Debug|Any CPU.Build.0 = Debug|Any CPU
		{FFED14F5-1E81-4AF8-97AC-B3A556170ED6}.Release|Any CPU.ActiveCfg = Release|Any CPU
		{FFED14F5-1E81-4AF8-97AC-B3A556170ED6}.Release|Any CPU.Build.0 = Release|Any CPU
		{9F33092E-7F24-4FF1-9254-DA9B94F68EAA}.Debug|Any CPU.ActiveCfg = Debug|Any CPU
		{9F33092E-7F24-4FF1-9254-DA9B94F68EAA}.Debug|Any CPU.Build.0 = Debug|Any CPU
		{9F33092E-7F24-4FF1-9254-DA9B94F68EAA}.Release|Any CPU.ActiveCfg = Release|Any CPU
		{9F33092E-7F24-4FF1-9254-DA9B94F68EAA}.Release|Any CPU.Build.0 = Release|Any CPU
		{D6C24E0C-F772-4636-ADFA-00E6FA8B03FD}.Debug|Any CPU.ActiveCfg = Debug|Any CPU
		{D6C24E0C-F772-4636-ADFA-00E6FA8B03FD}.Debug|Any CPU.Build.0 = Debug|Any CPU
		{D6C24E0C-F772-4636-ADFA-00E6FA8B03FD}.Release|Any CPU.ActiveCfg = Release|Any CPU
		{D6C24E0C-F772-4636-ADFA-00E6FA8B03FD}.Release|Any CPU.Build.0 = Release|Any CPU
		{67133303-7FD6-4103-A1B0-87C1A37AFD1E}.Debug|Any CPU.ActiveCfg = Debug|Any CPU
		{67133303-7FD6-4103-A1B0-87C1A37AFD1E}.Debug|Any CPU.Build.0 = Debug|Any CPU
		{67133303-7FD6-4103-A1B0-87C1A37AFD1E}.Release|Any CPU.ActiveCfg = Release|Any CPU
		{67133303-7FD6-4103-A1B0-87C1A37AFD1E}.Release|Any CPU.Build.0 = Release|Any CPU
	EndGlobalSection
	GlobalSection(SolutionProperties) = preSolution
		HideSolutionNode = FALSE
	EndGlobalSection
	GlobalSection(ExtensibilityGlobals) = postSolution
		SolutionGuid = {498D1A63-5EA7-42C1-A36D-D9DFB02C3FE7}
	EndGlobalSection
EndGlobal
